
Microsoft Visual Studio Solution File, Format Version 12.00
# Visual Studio Version 17
VisualStudioVersion = 17.14.36301.6
MinimumVisualStudioVersion = 10.0.40219.1
Project("{FAE04EC0-301F-11D3-BF4B-00C04F79EFBC}") = "Q1", "Q1\Q1.csproj", "{315D854B-23F0-405A-8BDC-D5F63C9130D2}"
EndProject
Project("{FAE04EC0-301F-11D3-BF4B-00C04F79EFBC}") = "Q2_App", "Q2_App\Q2_App.csproj", "{C6F51FA8-6127-407F-A73C-884F059788D7}"
EndProject
Project("{FAE04EC0-301F-11D3-BF4B-00C04F79EFBC}") = "Q2_DataAcess", "Q2_DataAcess\Q2_DataAcess.csproj", "{B61D50E7-87B8-42A8-846C-4D9F38B21305}"
EndProject
Project("{FAE04EC0-301F-11D3-BF4B-00C04F79EFBC}") = "Repository", "Repository\Repository.csproj", "{FE962165-76D9-4DB7-8FBB-FEF5079030F2}"
EndProject
Global
	GlobalSection(SolutionConfigurationPlatforms) = preSolution
		Debug|Any CPU = Debug|Any CPU
		Release|Any CPU = Release|Any CPU
	EndGlobalSection
	GlobalSection(ProjectConfigurationPlatforms) = postSolution
		{315D854B-23F0-405A-8BDC-D5F63C9130D2}.Debug|Any CPU.ActiveCfg = Debug|Any CPU
		{315D854B-23F0-405A-8BDC-D5F63C9130D2}.Debug|Any CPU.Build.0 = Debug|Any CPU
		{315D854B-23F0-405A-8BDC-D5F63C9130D2}.Release|Any CPU.ActiveCfg = Release|Any CPU
		{315D854B-23F0-405A-8BDC-D5F63C9130D2}.Release|Any CPU.Build.0 = Release|Any CPU
		{C6F51FA8-6127-407F-A73C-884F059788D7}.Debug|Any CPU.ActiveCfg = Debug|Any CPU
		{C6F51FA8-6127-407F-A73C-884F059788D7}.Debug|Any CPU.Build.0 = Debug|Any CPU
		{C6F51FA8-6127-407F-A73C-884F059788D7}.Release|Any CPU.ActiveCfg = Release|Any CPU
		{C6F51FA8-6127-407F-A73C-884F059788D7}.Release|Any CPU.Build.0 = Release|Any CPU
		{B61D50E7-87B8-42A8-846C-4D9F38B21305}.Debug|Any CPU.ActiveCfg = Debug|Any CPU
		{B61D50E7-87B8-42A8-846C-4D9F38B21305}.Debug|Any CPU.Build.0 = Debug|Any CPU
		{B61D50E7-87B8-42A8-846C-4D9F38B21305}.Release|Any CPU.ActiveCfg = Release|Any CPU
		{B61D50E7-87B8-42A8-846C-4D9F38B21305}.Release|Any CPU.Build.0 = Release|Any CPU
		{FE962165-76D9-4DB7-8FBB-FEF5079030F2}.Debug|Any CPU.ActiveCfg = Debug|Any CPU
		{FE962165-76D9-4DB7-8FBB-FEF5079030F2}.Debug|Any CPU.Build.0 = Debug|Any CPU
		{FE962165-76D9-4DB7-8FBB-FEF5079030F2}.Release|Any CPU.ActiveCfg = Release|Any CPU
		{FE962165-76D9-4DB7-8FBB-FEF5079030F2}.Release|Any CPU.Build.0 = Release|Any CPU
	EndGlobalSection
	GlobalSection(SolutionProperties) = preSolution
		HideSolutionNode = FALSE
	EndGlobalSection
	GlobalSection(ExtensibilityGlobals) = postSolution
		SolutionGuid = {8F8739BE-C8D8-481C-AB18-F2F80EF054C1}
	EndGlobalSection
EndGlobal
