
Microsoft Visual Studio Solution File, Format Version 12.00
# Visual Studio Version 17
VisualStudioVersion = 17.12.35728.132 d17.12
MinimumVisualStudioVersion = 10.0.40219.1
Project("{FAE04EC0-301F-11D3-BF4B-00C04F79EFBC}") = "ResearchProjectManagement_SE171151", "ResearchProjectManagement_SE171151\ResearchProjectManagement_SE171151.csproj", "{DD18F9E2-79D6-457C-A952-05D488E4E726}"
EndProject
Project("{FAE04EC0-301F-11D3-BF4B-00C04F79EFBC}") = "BAL", "BAL\BAL.csproj", "{EF5B0161-7519-47E2-AD3C-C9023F029D40}"
EndProject
Project("{FAE04EC0-301F-11D3-BF4B-00C04F79EFBC}") = "DAL", "DAL\DAL.csproj", "{DA9C8C8D-B953-4535-A66C-6E242F21E89A}"
EndProject
Global
	GlobalSection(SolutionConfigurationPlatforms) = preSolution
		Debug|Any CPU = Debug|Any CPU
		Release|Any CPU = Release|Any CPU
	EndGlobalSection
	GlobalSection(ProjectConfigurationPlatforms) = postSolution
		{DD18F9E2-79D6-457C-A952-05D488E4E726}.Debug|Any CPU.ActiveCfg = Debug|Any CPU
		{DD18F9E2-79D6-457C-A952-05D488E4E726}.Debug|Any CPU.Build.0 = Debug|Any CPU
		{DD18F9E2-79D6-457C-A952-05D488E4E726}.Release|Any CPU.ActiveCfg = Release|Any CPU
		{DD18F9E2-79D6-457C-A952-05D488E4E726}.Release|Any CPU.Build.0 = Release|Any CPU
		{EF5B0161-7519-47E2-AD3C-C9023F029D40}.Debug|Any CPU.ActiveCfg = Debug|Any CPU
		{EF5B0161-7519-47E2-AD3C-C9023F029D40}.Debug|Any CPU.Build.0 = Debug|Any CPU
		{EF5B0161-7519-47E2-AD3C-C9023F029D40}.Release|Any CPU.ActiveCfg = Release|Any CPU
		{EF5B0161-7519-47E2-AD3C-C9023F029D40}.Release|Any CPU.Build.0 = Release|Any CPU
		{DA9C8C8D-B953-4535-A66C-6E242F21E89A}.Debug|Any CPU.ActiveCfg = Debug|Any CPU
		{DA9C8C8D-B953-4535-A66C-6E242F21E89A}.Debug|Any CPU.Build.0 = Debug|Any CPU
		{DA9C8C8D-B953-4535-A66C-6E242F21E89A}.Release|Any CPU.ActiveCfg = Release|Any CPU
		{DA9C8C8D-B953-4535-A66C-6E242F21E89A}.Release|Any CPU.Build.0 = Release|Any CPU
	EndGlobalSection
	GlobalSection(SolutionProperties) = preSolution
		HideSolutionNode = FALSE
	EndGlobalSection
EndGlobal
